
Microsoft Visual Studio Solution File, Format Version 12.00
# Visual Studio Version 17
VisualStudioVersion = 17.5.002.0
MinimumVisualStudioVersion = 10.0.40219.1
Project("{2150E333-8FDC-42A3-9474-1A3956D46DE8}") = "prepare", "prepare", "{A347ABA8-4B01-4F25-995B-92BDE789C516}"
EndProject
Project("{9A19103F-16F7-4668-BE54-9A1E7A4F7556}") = "Learning02", "prepare\Learning02\Learning02.csproj", "{4981487C-7015-4DE1-8493-4D11E34F6AC3}"
EndProject
Project("{9A19103F-16F7-4668-BE54-9A1E7A4F7556}") = "Learning05", "prepare\Learning05\Learning05.csproj", "{F361D979-53F4-4010-ABA8-635F47045B71}"
EndProject
Project("{9A19103F-16F7-4668-BE54-9A1E7A4F7556}") = "Learning04", "prepare\Learning04\Learning04.csproj", "{42E0E23C-2BAB-4310-A775-7E30C43698A2}"
EndProject
Project("{9A19103F-16F7-4668-BE54-9A1E7A4F7556}") = "Learning03", "prepare\Learning03\Learning03.csproj", "{EB7DB472-CD2F-420F-B3CC-B720D7C5D135}"
EndProject
Project("{2150E333-8FDC-42A3-9474-1A3956D46DE8}") = "prove", "prove", "{04A67DA6-A1E6-4000-906E-72A418F39C18}"
EndProject
Project("{9A19103F-16F7-4668-BE54-9A1E7A4F7556}") = "Develop03", "prove\Develop03\Develop03.csproj", "{AFFAAD66-FDF7-4DE6-9E71-66AD53DC0042}"
EndProject
Project("{9A19103F-16F7-4668-BE54-9A1E7A4F7556}") = "Develop04", "prove\Develop04\Develop04.csproj", "{6D6C1E65-1683-49C1-AD3A-5CD9C4154FF0}"
EndProject
Project("{9A19103F-16F7-4668-BE54-9A1E7A4F7556}") = "Develop05", "prove\Develop05\Develop05.csproj", "{0F2D82D9-8618-4EF5-A14A-DAE8BFAC4C75}"
EndProject
Project("{9A19103F-16F7-4668-BE54-9A1E7A4F7556}") = "Develop02", "prove\Develop02\Develop02.csproj", "{BD86BBD7-C828-42D9-8D31-F4B36C3301D3}"
EndProject
Project("{2150E333-8FDC-42A3-9474-1A3956D46DE8}") = "sandbox", "sandbox", "{7F6D74C0-7996-48A8-BD52-0E7C6630273B}"
EndProject
Project("{9A19103F-16F7-4668-BE54-9A1E7A4F7556}") = "Sandbox", "sandbox\Sandbox\Sandbox.csproj", "{716AD7D8-8469-4B2C-8BF2-4CBDEA6425D0}"
EndProject
Project("{2150E333-8FDC-42A3-9474-1A3956D46DE8}") = "final", "final", "{473BF896-AF2B-42A8-99A4-518444F424E5}"
EndProject
Project("{9A19103F-16F7-4668-BE54-9A1E7A4F7556}") = "FinalProject", "final\FinalProject\FinalProject.csproj", "{48D32DAD-00EE-4394-B22C-C2F3675D1349}"
EndProject
Project("{9A19103F-16F7-4668-BE54-9A1E7A4F7556}") = "Foundation1", "final\Foundation1\Foundation1.csproj", "{88F2F63A-19BA-4BCF-9E5F-73FE4E6D2C34}"
EndProject
Project("{9A19103F-16F7-4668-BE54-9A1E7A4F7556}") = "Foundation4", "final\Foundation4\Foundation4.csproj", "{946095AE-373C-43A7-92D1-FCA43A6F06D4}"
EndProject
Project("{9A19103F-16F7-4668-BE54-9A1E7A4F7556}") = "Foundation3", "final\Foundation3\Foundation3.csproj", "{DB93714A-2F9B-4581-A2C1-96B97C11C717}"
EndProject
Project("{9A19103F-16F7-4668-BE54-9A1E7A4F7556}") = "Foundation2", "final\Foundation2\Foundation2.csproj", "{43C43DB3-5A49-4029-8E3F-820010337BA4}"
EndProject
Project("{2150E333-8FDC-42A3-9474-1A3956D46DE8}") = "csharp-prep", "csharp-prep", "{17D95707-7BD5-4BEB-9B50-FDB869C2F355}"
EndProject
Project("{9A19103F-16F7-4668-BE54-9A1E7A4F7556}") = "Prep1", "csharp-prep\Prep1\Prep1.csproj", "{54C666D9-EADA-40B3-86DC-D4E5421C4B84}"
EndProject
Project("{9A19103F-16F7-4668-BE54-9A1E7A4F7556}") = "Prep5", "csharp-prep\Prep5\Prep5.csproj", "{094CD223-32F5-45E0-857C-975F864551F1}"
EndProject
Project("{9A19103F-16F7-4668-BE54-9A1E7A4F7556}") = "Prep2", "csharp-prep\Prep2\Prep2.csproj", "{96D39CDC-60FD-487A-ADE0-61DF94B0E19F}"
EndProject
Project("{9A19103F-16F7-4668-BE54-9A1E7A4F7556}") = "Prep3", "csharp-prep\Prep3\Prep3.csproj", "{356C3AD6-ADB9-4850-8612-BB887E68F246}"
EndProject
Project("{9A19103F-16F7-4668-BE54-9A1E7A4F7556}") = "Prep4", "csharp-prep\Prep4\Prep4.csproj", "{AEC9BCFE-5FEA-49CE-9B55-6D524BC899FF}"
EndProject
Global
	GlobalSection(SolutionConfigurationPlatforms) = preSolution
		Debug|Any CPU = Debug|Any CPU
		Release|Any CPU = Release|Any CPU
	EndGlobalSection
	GlobalSection(ProjectConfigurationPlatforms) = postSolution
		{4981487C-7015-4DE1-8493-4D11E34F6AC3}.Debug|Any CPU.ActiveCfg = Debug|Any CPU
		{4981487C-7015-4DE1-8493-4D11E34F6AC3}.Debug|Any CPU.Build.0 = Debug|Any CPU
		{4981487C-7015-4DE1-8493-4D11E34F6AC3}.Release|Any CPU.ActiveCfg = Release|Any CPU
		{4981487C-7015-4DE1-8493-4D11E34F6AC3}.Release|Any CPU.Build.0 = Release|Any CPU
		{F361D979-53F4-4010-ABA8-635F47045B71}.Debug|Any CPU.ActiveCfg = Debug|Any CPU
		{F361D979-53F4-4010-ABA8-635F47045B71}.Debug|Any CPU.Build.0 = Debug|Any CPU
		{F361D979-53F4-4010-ABA8-635F47045B71}.Release|Any CPU.ActiveCfg = Release|Any CPU
		{F361D979-53F4-4010-ABA8-635F47045B71}.Release|Any CPU.Build.0 = Release|Any CPU
		{42E0E23C-2BAB-4310-A775-7E30C43698A2}.Debug|Any CPU.ActiveCfg = Debug|Any CPU
		{42E0E23C-2BAB-4310-A775-7E30C43698A2}.Debug|Any CPU.Build.0 = Debug|Any CPU
		{42E0E23C-2BAB-4310-A775-7E30C43698A2}.Release|Any CPU.ActiveCfg = Release|Any CPU
		{42E0E23C-2BAB-4310-A775-7E30C43698A2}.Release|Any CPU.Build.0 = Release|Any CPU
		{EB7DB472-CD2F-420F-B3CC-B720D7C5D135}.Debug|Any CPU.ActiveCfg = Debug|Any CPU
		{EB7DB472-CD2F-420F-B3CC-B720D7C5D135}.Debug|Any CPU.Build.0 = Debug|Any CPU
		{EB7DB472-CD2F-420F-B3CC-B720D7C5D135}.Release|Any CPU.ActiveCfg = Release|Any CPU
		{EB7DB472-CD2F-420F-B3CC-B720D7C5D135}.Release|Any CPU.Build.0 = Release|Any CPU
		{AFFAAD66-FDF7-4DE6-9E71-66AD53DC0042}.Debug|Any CPU.ActiveCfg = Debug|Any CPU
		{AFFAAD66-FDF7-4DE6-9E71-66AD53DC0042}.Debug|Any CPU.Build.0 = Debug|Any CPU
		{AFFAAD66-FDF7-4DE6-9E71-66AD53DC0042}.Release|Any CPU.ActiveCfg = Release|Any CPU
		{AFFAAD66-FDF7-4DE6-9E71-66AD53DC0042}.Release|Any CPU.Build.0 = Release|Any CPU
		{6D6C1E65-1683-49C1-AD3A-5CD9C4154FF0}.Debug|Any CPU.ActiveCfg = Debug|Any CPU
		{6D6C1E65-1683-49C1-AD3A-5CD9C4154FF0}.Debug|Any CPU.Build.0 = Debug|Any CPU
		{6D6C1E65-1683-49C1-AD3A-5CD9C4154FF0}.Release|Any CPU.ActiveCfg = Release|Any CPU
		{6D6C1E65-1683-49C1-AD3A-5CD9C4154FF0}.Release|Any CPU.Build.0 = Release|Any CPU
		{0F2D82D9-8618-4EF5-A14A-DAE8BFAC4C75}.Debug|Any CPU.ActiveCfg = Debug|Any CPU
		{0F2D82D9-8618-4EF5-A14A-DAE8BFAC4C75}.Debug|Any CPU.Build.0 = Debug|Any CPU
		{0F2D82D9-8618-4EF5-A14A-DAE8BFAC4C75}.Release|Any CPU.ActiveCfg = Release|Any CPU
		{0F2D82D9-8618-4EF5-A14A-DAE8BFAC4C75}.Release|Any CPU.Build.0 = Release|Any CPU
		{BD86BBD7-C828-42D9-8D31-F4B36C3301D3}.Debug|Any CPU.ActiveCfg = Debug|Any CPU
		{BD86BBD7-C828-42D9-8D31-F4B36C3301D3}.Debug|Any CPU.Build.0 = Debug|Any CPU
		{BD86BBD7-C828-42D9-8D31-F4B36C3301D3}.Release|Any CPU.ActiveCfg = Release|Any CPU
		{BD86BBD7-C828-42D9-8D31-F4B36C3301D3}.Release|Any CPU.Build.0 = Release|Any CPU
		{716AD7D8-8469-4B2C-8BF2-4CBDEA6425D0}.Debug|Any CPU.ActiveCfg = Debug|Any CPU
		{716AD7D8-8469-4B2C-8BF2-4CBDEA6425D0}.Debug|Any CPU.Build.0 = Debug|Any CPU
		{716AD7D8-8469-4B2C-8BF2-4CBDEA6425D0}.Release|Any CPU.ActiveCfg = Release|Any CPU
		{716AD7D8-8469-4B2C-8BF2-4CBDEA6425D0}.Release|Any CPU.Build.0 = Release|Any CPU
		{48D32DAD-00EE-4394-B22C-C2F3675D1349}.Debug|Any CPU.ActiveCfg = Debug|Any CPU
		{48D32DAD-00EE-4394-B22C-C2F3675D1349}.Debug|Any CPU.Build.0 = Debug|Any CPU
		{48D32DAD-00EE-4394-B22C-C2F3675D1349}.Release|Any CPU.ActiveCfg = Release|Any CPU
		{48D32DAD-00EE-4394-B22C-C2F3675D1349}.Release|Any CPU.Build.0 = Release|Any CPU
		{88F2F63A-19BA-4BCF-9E5F-73FE4E6D2C34}.Debug|Any CPU.ActiveCfg = Debug|Any CPU
		{88F2F63A-19BA-4BCF-9E5F-73FE4E6D2C34}.Debug|Any CPU.Build.0 = Debug|Any CPU
		{88F2F63A-19BA-4BCF-9E5F-73FE4E6D2C34}.Release|Any CPU.ActiveCfg = Release|Any CPU
		{88F2F63A-19BA-4BCF-9E5F-73FE4E6D2C34}.Release|Any CPU.Build.0 = Release|Any CPU
		{946095AE-373C-43A7-92D1-FCA43A6F06D4}.Debug|Any CPU.ActiveCfg = Debug|Any CPU
		{946095AE-373C-43A7-92D1-FCA43A6F06D4}.Debug|Any CPU.Build.0 = Debug|Any CPU
		{946095AE-373C-43A7-92D1-FCA43A6F06D4}.Release|Any CPU.ActiveCfg = Release|Any CPU
		{946095AE-373C-43A7-92D1-FCA43A6F06D4}.Release|Any CPU.Build.0 = Release|Any CPU
		{DB93714A-2F9B-4581-A2C1-96B97C11C717}.Debug|Any CPU.ActiveCfg = Debug|Any CPU
		{DB93714A-2F9B-4581-A2C1-96B97C11C717}.Debug|Any CPU.Build.0 = Debug|Any CPU
		{DB93714A-2F9B-4581-A2C1-96B97C11C717}.Release|Any CPU.ActiveCfg = Release|Any CPU
		{DB93714A-2F9B-4581-A2C1-96B97C11C717}.Release|Any CPU.Build.0 = Release|Any CPU
		{43C43DB3-5A49-4029-8E3F-820010337BA4}.Debug|Any CPU.ActiveCfg = Debug|Any CPU
		{43C43DB3-5A49-4029-8E3F-820010337BA4}.Debug|Any CPU.Build.0 = Debug|Any CPU
		{43C43DB3-5A49-4029-8E3F-820010337BA4}.Release|Any CPU.ActiveCfg = Release|Any CPU
		{43C43DB3-5A49-4029-8E3F-820010337BA4}.Release|Any CPU.Build.0 = Release|Any CPU
		{54C666D9-EADA-40B3-86DC-D4E5421C4B84}.Debug|Any CPU.ActiveCfg = Debug|Any CPU
		{54C666D9-EADA-40B3-86DC-D4E5421C4B84}.Debug|Any CPU.Build.0 = Debug|Any CPU
		{54C666D9-EADA-40B3-86DC-D4E5421C4B84}.Release|Any CPU.ActiveCfg = Release|Any CPU
		{54C666D9-EADA-40B3-86DC-D4E5421C4B84}.Release|Any CPU.Build.0 = Release|Any CPU
		{094CD223-32F5-45E0-857C-975F864551F1}.Debug|Any CPU.ActiveCfg = Debug|Any CPU
		{094CD223-32F5-45E0-857C-975F864551F1}.Debug|Any CPU.Build.0 = Debug|Any CPU
		{094CD223-32F5-45E0-857C-975F864551F1}.Release|Any CPU.ActiveCfg = Release|Any CPU
		{094CD223-32F5-45E0-857C-975F864551F1}.Release|Any CPU.Build.0 = Release|Any CPU
		{96D39CDC-60FD-487A-ADE0-61DF94B0E19F}.Debug|Any CPU.ActiveCfg = Debug|Any CPU
		{96D39CDC-60FD-487A-ADE0-61DF94B0E19F}.Debug|Any CPU.Build.0 = Debug|Any CPU
		{96D39CDC-60FD-487A-ADE0-61DF94B0E19F}.Release|Any CPU.ActiveCfg = Release|Any CPU
		{96D39CDC-60FD-487A-ADE0-61DF94B0E19F}.Release|Any CPU.Build.0 = Release|Any CPU
		{356C3AD6-ADB9-4850-8612-BB887E68F246}.Debug|Any CPU.ActiveCfg = Debug|Any CPU
		{356C3AD6-ADB9-4850-8612-BB887E68F246}.Debug|Any CPU.Build.0 = Debug|Any CPU
		{356C3AD6-ADB9-4850-8612-BB887E68F246}.Release|Any CPU.ActiveCfg = Release|Any CPU
		{356C3AD6-ADB9-4850-8612-BB887E68F246}.Release|Any CPU.Build.0 = Release|Any CPU
		{AEC9BCFE-5FEA-49CE-9B55-6D524BC899FF}.Debug|Any CPU.ActiveCfg = Debug|Any CPU
		{AEC9BCFE-5FEA-49CE-9B55-6D524BC899FF}.Debug|Any CPU.Build.0 = Debug|Any CPU
		{AEC9BCFE-5FEA-49CE-9B55-6D524BC899FF}.Release|Any CPU.ActiveCfg = Release|Any CPU
		{AEC9BCFE-5FEA-49CE-9B55-6D524BC899FF}.Release|Any CPU.Build.0 = Release|Any CPU
	EndGlobalSection
	GlobalSection(SolutionProperties) = preSolution
		HideSolutionNode = FALSE
	EndGlobalSection
	GlobalSection(NestedProjects) = preSolution
		{4981487C-7015-4DE1-8493-4D11E34F6AC3} = {A347ABA8-4B01-4F25-995B-92BDE789C516}
		{F361D979-53F4-4010-ABA8-635F47045B71} = {A347ABA8-4B01-4F25-995B-92BDE789C516}
		{42E0E23C-2BAB-4310-A775-7E30C43698A2} = {A347ABA8-4B01-4F25-995B-92BDE789C516}
		{EB7DB472-CD2F-420F-B3CC-B720D7C5D135} = {A347ABA8-4B01-4F25-995B-92BDE789C516}
		{AFFAAD66-FDF7-4DE6-9E71-66AD53DC0042} = {04A67DA6-A1E6-4000-906E-72A418F39C18}
		{6D6C1E65-1683-49C1-AD3A-5CD9C4154FF0} = {04A67DA6-A1E6-4000-906E-72A418F39C18}
		{0F2D82D9-8618-4EF5-A14A-DAE8BFAC4C75} = {04A67DA6-A1E6-4000-906E-72A418F39C18}
		{BD86BBD7-C828-42D9-8D31-F4B36C3301D3} = {04A67DA6-A1E6-4000-906E-72A418F39C18}
		{716AD7D8-8469-4B2C-8BF2-4CBDEA6425D0} = {7F6D74C0-7996-48A8-BD52-0E7C6630273B}
		{48D32DAD-00EE-4394-B22C-C2F3675D1349} = {473BF896-AF2B-42A8-99A4-518444F424E5}
		{88F2F63A-19BA-4BCF-9E5F-73FE4E6D2C34} = {473BF896-AF2B-42A8-99A4-518444F424E5}
		{946095AE-373C-43A7-92D1-FCA43A6F06D4} = {473BF896-AF2B-42A8-99A4-518444F424E5}
		{DB93714A-2F9B-4581-A2C1-96B97C11C717} = {473BF896-AF2B-42A8-99A4-518444F424E5}
		{43C43DB3-5A49-4029-8E3F-820010337BA4} = {473BF896-AF2B-42A8-99A4-518444F424E5}
		{54C666D9-EADA-40B3-86DC-D4E5421C4B84} = {17D95707-7BD5-4BEB-9B50-FDB869C2F355}
		{094CD223-32F5-45E0-857C-975F864551F1} = {17D95707-7BD5-4BEB-9B50-FDB869C2F355}
		{96D39CDC-60FD-487A-ADE0-61DF94B0E19F} = {17D95707-7BD5-4BEB-9B50-FDB869C2F355}
		{356C3AD6-ADB9-4850-8612-BB887E68F246} = {17D95707-7BD5-4BEB-9B50-FDB869C2F355}
		{AEC9BCFE-5FEA-49CE-9B55-6D524BC899FF} = {17D95707-7BD5-4BEB-9B50-FDB869C2F355}
	EndGlobalSection
	GlobalSection(ExtensibilityGlobals) = postSolution
		SolutionGuid = {D7ED701F-4ABF-4198-A4C6-B4931FB39A0E}
	EndGlobalSection
EndGlobal
